
Microsoft Visual Studio Solution File, Format Version 12.00
# Visual Studio Version 17
VisualStudioVersion = 17.11.35312.102
MinimumVisualStudioVersion = 10.0.40219.1
Project("{FAE04EC0-301F-11D3-BF4B-00C04F79EFBC}") = "ConsoleApp1", "ConsoleApp1\ConsoleApp1.csproj", "{6D82C62D-121C-4D9C-A753-C9D8BDA249B2}"
EndProject
Global
	GlobalSection(SolutionConfigurationPlatforms) = preSolution
		Debug|Any CPU = Debug|Any CPU
		Release|Any CPU = Release|Any CPU
	EndGlobalSection
	GlobalSection(ProjectConfigurationPlatforms) = postSolution
		{6D82C62D-121C-4D9C-A753-C9D8BDA249B2}.Debug|Any CPU.ActiveCfg = Debug|Any CPU
		{6D82C62D-121C-4D9C-A753-C9D8BDA249B2}.Debug|Any CPU.Build.0 = Debug|Any CPU
		{6D82C62D-121C-4D9C-A753-C9D8BDA249B2}.Release|Any CPU.ActiveCfg = Release|Any CPU
		{6D82C62D-121C-4D9C-A753-C9D8BDA249B2}.Release|Any CPU.Build.0 = Release|Any CPU
	EndGlobalSection
	GlobalSection(SolutionProperties) = preSolution
		HideSolutionNode = FALSE
	EndGlobalSection
	GlobalSection(ExtensibilityGlobals) = postSolution
		SolutionGuid = {61D48630-F84D-461B-A50E-C0B49E02812D}
	EndGlobalSection
EndGlobal
