
Microsoft Visual Studio Solution File, Format Version 12.00
# Visual Studio Version 17
VisualStudioVersion = 17.11.35312.102
MinimumVisualStudioVersion = 10.0.40219.1
Project("{9A19103F-16F7-4668-BE54-9A1E7A4F7556}") = "DI", "DI\DI.csproj", "{3053BD5F-C98E-4957-87E4-D761FC9E46A9}"
EndProject
Project("{FAE04EC0-301F-11D3-BF4B-00C04F79EFBC}") = "SetterInjection", "SetterInjection\SetterInjection.csproj", "{47C5FDEF-CA0F-4347-A467-C2343B69ED00}"
EndProject
Global
	GlobalSection(SolutionConfigurationPlatforms) = preSolution
		Debug|Any CPU = Debug|Any CPU
		Release|Any CPU = Release|Any CPU
	EndGlobalSection
	GlobalSection(ProjectConfigurationPlatforms) = postSolution
		{3053BD5F-C98E-4957-87E4-D761FC9E46A9}.Debug|Any CPU.ActiveCfg = Debug|Any CPU
		{3053BD5F-C98E-4957-87E4-D761FC9E46A9}.Debug|Any CPU.Build.0 = Debug|Any CPU
		{3053BD5F-C98E-4957-87E4-D761FC9E46A9}.Release|Any CPU.ActiveCfg = Release|Any CPU
		{3053BD5F-C98E-4957-87E4-D761FC9E46A9}.Release|Any CPU.Build.0 = Release|Any CPU
		{47C5FDEF-CA0F-4347-A467-C2343B69ED00}.Debug|Any CPU.ActiveCfg = Debug|Any CPU
		{47C5FDEF-CA0F-4347-A467-C2343B69ED00}.Debug|Any CPU.Build.0 = Debug|Any CPU
		{47C5FDEF-CA0F-4347-A467-C2343B69ED00}.Release|Any CPU.ActiveCfg = Release|Any CPU
		{47C5FDEF-CA0F-4347-A467-C2343B69ED00}.Release|Any CPU.Build.0 = Release|Any CPU
	EndGlobalSection
	GlobalSection(SolutionProperties) = preSolution
		HideSolutionNode = FALSE
	EndGlobalSection
	GlobalSection(ExtensibilityGlobals) = postSolution
		SolutionGuid = {77AD64CB-6280-4F0D-B2D3-59ACDA15771D}
	EndGlobalSection
EndGlobal
