
Microsoft Visual Studio Solution File, Format Version 12.00
# Visual Studio Version 17
VisualStudioVersion = 17.11.35312.102
MinimumVisualStudioVersion = 10.0.40219.1
Project("{FAE04EC0-301F-11D3-BF4B-00C04F79EFBC}") = "Worker", "Worker\Worker.csproj", "{983EF954-7BB7-4D51-B8FF-ED02C30FA1E0}"
EndProject
Global
	GlobalSection(SolutionConfigurationPlatforms) = preSolution
		Debug|Any CPU = Debug|Any CPU
		Release|Any CPU = Release|Any CPU
	EndGlobalSection
	GlobalSection(ProjectConfigurationPlatforms) = postSolution
		{983EF954-7BB7-4D51-B8FF-ED02C30FA1E0}.Debug|Any CPU.ActiveCfg = Debug|Any CPU
		{983EF954-7BB7-4D51-B8FF-ED02C30FA1E0}.Debug|Any CPU.Build.0 = Debug|Any CPU
		{983EF954-7BB7-4D51-B8FF-ED02C30FA1E0}.Release|Any CPU.ActiveCfg = Release|Any CPU
		{983EF954-7BB7-4D51-B8FF-ED02C30FA1E0}.Release|Any CPU.Build.0 = Release|Any CPU
	EndGlobalSection
	GlobalSection(SolutionProperties) = preSolution
		HideSolutionNode = FALSE
	EndGlobalSection
	GlobalSection(ExtensibilityGlobals) = postSolution
		SolutionGuid = {B3547101-DBA5-4026-9659-E410ACAC1531}
	EndGlobalSection
EndGlobal
